
Microsoft Visual Studio Solution File, Format Version 12.00
# Visual Studio 15
VisualStudioVersion = 15.0.28307.421
MinimumVisualStudioVersion = 10.0.40219.1
Project("{FAE04EC0-301F-11D3-BF4B-00C04F79EFBC}") = "Redis", "Redis\Redis.csproj", "{A92789C6-6DDF-4025-B08C-75838A561A24}"
EndProject
Global
	GlobalSection(SolutionConfigurationPlatforms) = preSolution
		Debug|Any CPU = Debug|Any CPU
		Release|Any CPU = Release|Any CPU
	EndGlobalSection
	GlobalSection(ProjectConfigurationPlatforms) = postSolution
		{A92789C6-6DDF-4025-B08C-75838A561A24}.Debug|Any CPU.ActiveCfg = Debug|Any CPU
		{A92789C6-6DDF-4025-B08C-75838A561A24}.Debug|Any CPU.Build.0 = Debug|Any CPU
		{A92789C6-6DDF-4025-B08C-75838A561A24}.Release|Any CPU.ActiveCfg = Release|Any CPU
		{A92789C6-6DDF-4025-B08C-75838A561A24}.Release|Any CPU.Build.0 = Release|Any CPU
	EndGlobalSection
	GlobalSection(SolutionProperties) = preSolution
		HideSolutionNode = FALSE
	EndGlobalSection
	GlobalSection(ExtensibilityGlobals) = postSolution
		SolutionGuid = {4A55EEB8-7FCB-43DA-90B1-AC7B936B2ADD}
	EndGlobalSection
EndGlobal
